<?xml version="1.0" encoding="utf-8"?>
<Project ToolsVersion="4.0" xmlns="http://schemas.microsoft.com/developer/msbuild/2003">
  <ItemGroup>
    <ClCompile Include="Character.cpp" />
    <ClCompile Include="main.cpp" />
    <ClCompile Include="Shop.cpp" />
    <ClCompile Include="Monster.cpp" />
    <ClCompile Include="GameManager.cpp" />
    <ClCompile Include="Inventory.cpp" />
    <ClCompile Include="Item.cpp" />
    <ClCompile Include="ItemDatabases.cpp" />
    <ClCompile Include="Boss.cpp" />
    <ClCompile Include="Slime.cpp" />
    <ClCompile Include="Battle.cpp" />
    <ClCompile Include="Random.cpp" />
    <ClCompile Include="Dungeon.cpp" />
    <ClCompile Include="DungeonEvent.cpp" />
    <ClCompile Include="Tools.cpp" />
    <ClCompile Include="job.cpp" />
  </ItemGroup>
  <ItemGroup>
    <ClInclude Include="Monster.h" />
    <ClInclude Include="Character.h" />
    <ClInclude Include="Shop.h" />
    <ClInclude Include="GameManager.h" />
    <ClInclude Include="Inventory.h" />
    <ClInclude Include="Item.h" />
    <ClInclude Include="ItemDatabases.h" />
    <ClInclude Include="Boss.h" />
    <ClInclude Include="Slime.h" />
    <ClInclude Include="Battle.h" />
    <ClInclude Include="Random.h" />
    <ClInclude Include="Dungeon.h" />
    <ClInclude Include="DungeonEvent.h" />
    <ClInclude Include="GreenSlimeForest.h" />
    <ClInclude Include="Tools.h" />
    <ClInclude Include="job.h" />
  </ItemGroup>
  <ItemGroup>
    <None Include="README.md" />
    <None Include="LICENSE" />
  </ItemGroup>
</Project>
